
Microsoft Visual Studio Solution File, Format Version 12.00
# Visual Studio 2012
Project("{FAE04EC0-301F-11D3-BF4B-00C04F79EFBC}") = "CarApp", "CarApp\CarApp.csproj", "{50362FE6-DA22-4AB7-8E07-00DF042F7D77}"
EndProject
Global
	GlobalSection(SolutionConfigurationPlatforms) = preSolution
		Debug|Any CPU = Debug|Any CPU
		Release|Any CPU = Release|Any CPU
	EndGlobalSection
	GlobalSection(ProjectConfigurationPlatforms) = postSolution
		{50362FE6-DA22-4AB7-8E07-00DF042F7D77}.Debug|Any CPU.ActiveCfg = Debug|Any CPU
		{50362FE6-DA22-4AB7-8E07-00DF042F7D77}.Debug|Any CPU.Build.0 = Debug|Any CPU
		{50362FE6-DA22-4AB7-8E07-00DF042F7D77}.Release|Any CPU.ActiveCfg = Release|Any CPU
		{50362FE6-DA22-4AB7-8E07-00DF042F7D77}.Release|Any CPU.Build.0 = Release|Any CPU
	EndGlobalSection
	GlobalSection(SolutionProperties) = preSolution
		HideSolutionNode = FALSE
	EndGlobalSection
EndGlobal
