
Microsoft Visual Studio Solution File, Format Version 12.00
# Visual Studio 2012
Project("{FAE04EC0-301F-11D3-BF4B-00C04F79EFBC}") = "SpeedTrapperApp", "SpeedTrapperApp\SpeedTrapperApp.csproj", "{0AA43544-E627-4657-A265-B5ED80B1D26B}"
EndProject
Global
	GlobalSection(SolutionConfigurationPlatforms) = preSolution
		Debug|Any CPU = Debug|Any CPU
		Release|Any CPU = Release|Any CPU
	EndGlobalSection
	GlobalSection(ProjectConfigurationPlatforms) = postSolution
		{0AA43544-E627-4657-A265-B5ED80B1D26B}.Debug|Any CPU.ActiveCfg = Debug|Any CPU
		{0AA43544-E627-4657-A265-B5ED80B1D26B}.Debug|Any CPU.Build.0 = Debug|Any CPU
		{0AA43544-E627-4657-A265-B5ED80B1D26B}.Release|Any CPU.ActiveCfg = Release|Any CPU
		{0AA43544-E627-4657-A265-B5ED80B1D26B}.Release|Any CPU.Build.0 = Release|Any CPU
	EndGlobalSection
	GlobalSection(SolutionProperties) = preSolution
		HideSolutionNode = FALSE
	EndGlobalSection
EndGlobal
